
Microsoft Visual Studio Solution File, Format Version 12.00
# Visual Studio Version 17
VisualStudioVersion = 17.10.35027.167
MinimumVisualStudioVersion = 10.0.40219.1
Project("{9A19103F-16F7-4668-BE54-9A1E7A4F7556}") = "PlantShopApi", "PlantShopApi\PlantShopApi.csproj", "{9182D5E4-4E28-49E1-B3F2-5AF647CDC18E}"
EndProject
Project("{9A19103F-16F7-4668-BE54-9A1E7A4F7556}") = "Models", "Models\Models.csproj", "{81628F61-65B0-4819-B2B5-EF350C65DBF7}"
EndProject
Project("{FAE04EC0-301F-11D3-BF4B-00C04F79EFBC}") = "InfraStructure", "InfraStructure\InfraStructure.csproj", "{A2FEAA3F-DC1C-4758-9347-1C17BC612DD2}"
EndProject
Global
	GlobalSection(SolutionConfigurationPlatforms) = preSolution
		Debug|Any CPU = Debug|Any CPU
		Release|Any CPU = Release|Any CPU
	EndGlobalSection
	GlobalSection(ProjectConfigurationPlatforms) = postSolution
		{9182D5E4-4E28-49E1-B3F2-5AF647CDC18E}.Debug|Any CPU.ActiveCfg = Debug|Any CPU
		{9182D5E4-4E28-49E1-B3F2-5AF647CDC18E}.Debug|Any CPU.Build.0 = Debug|Any CPU
		{9182D5E4-4E28-49E1-B3F2-5AF647CDC18E}.Release|Any CPU.ActiveCfg = Release|Any CPU
		{9182D5E4-4E28-49E1-B3F2-5AF647CDC18E}.Release|Any CPU.Build.0 = Release|Any CPU
		{81628F61-65B0-4819-B2B5-EF350C65DBF7}.Debug|Any CPU.ActiveCfg = Debug|Any CPU
		{81628F61-65B0-4819-B2B5-EF350C65DBF7}.Debug|Any CPU.Build.0 = Debug|Any CPU
		{81628F61-65B0-4819-B2B5-EF350C65DBF7}.Release|Any CPU.ActiveCfg = Release|Any CPU
		{81628F61-65B0-4819-B2B5-EF350C65DBF7}.Release|Any CPU.Build.0 = Release|Any CPU
		{A2FEAA3F-DC1C-4758-9347-1C17BC612DD2}.Debug|Any CPU.ActiveCfg = Debug|Any CPU
		{A2FEAA3F-DC1C-4758-9347-1C17BC612DD2}.Debug|Any CPU.Build.0 = Debug|Any CPU
		{A2FEAA3F-DC1C-4758-9347-1C17BC612DD2}.Release|Any CPU.ActiveCfg = Release|Any CPU
		{A2FEAA3F-DC1C-4758-9347-1C17BC612DD2}.Release|Any CPU.Build.0 = Release|Any CPU
	EndGlobalSection
	GlobalSection(SolutionProperties) = preSolution
		HideSolutionNode = FALSE
	EndGlobalSection
	GlobalSection(ExtensibilityGlobals) = postSolution
		SolutionGuid = {93B521E4-5F86-41AE-B1F3-BB11CF2DEA18}
	EndGlobalSection
EndGlobal
